
Microsoft Visual Studio Solution File, Format Version 12.00
# Visual Studio Version 16
VisualStudioVersion = 16.0.32510.428
MinimumVisualStudioVersion = 10.0.40219.1
Project("{FAE04EC0-301F-11D3-BF4B-00C04F79EFBC}") = "GamaWebSitesi", "GamaWebSitesi\GamaWebSitesi.csproj", "{762DD6CD-BE23-466B-A516-AFC3D3BECC07}"
EndProject
Global
	GlobalSection(SolutionConfigurationPlatforms) = preSolution
		Debug|Any CPU = Debug|Any CPU
		Release|Any CPU = Release|Any CPU
	EndGlobalSection
	GlobalSection(ProjectConfigurationPlatforms) = postSolution
		{762DD6CD-BE23-466B-A516-AFC3D3BECC07}.Debug|Any CPU.ActiveCfg = Debug|Any CPU
		{762DD6CD-BE23-466B-A516-AFC3D3BECC07}.Debug|Any CPU.Build.0 = Debug|Any CPU
		{762DD6CD-BE23-466B-A516-AFC3D3BECC07}.Release|Any CPU.ActiveCfg = Release|Any CPU
		{762DD6CD-BE23-466B-A516-AFC3D3BECC07}.Release|Any CPU.Build.0 = Release|Any CPU
	EndGlobalSection
	GlobalSection(SolutionProperties) = preSolution
		HideSolutionNode = FALSE
	EndGlobalSection
	GlobalSection(ExtensibilityGlobals) = postSolution
		SolutionGuid = {B393965C-D06A-4A44-B0F9-D94D483A5A01}
	EndGlobalSection
EndGlobal
